
Microsoft Visual Studio Solution File, Format Version 12.00
# Visual Studio 14
VisualStudioVersion = 14.0.23107.0
MinimumVisualStudioVersion = 10.0.40219.1
Project("{FAE04EC0-301F-11D3-BF4B-00C04F79EFBC}") = "P7", "P7\P7.csproj", "{213FA1DB-21B5-4BB6-9068-8BB2C028B2FD}"
EndProject
Global
	GlobalSection(SolutionConfigurationPlatforms) = preSolution
		Debug|Any CPU = Debug|Any CPU
		Release|Any CPU = Release|Any CPU
	EndGlobalSection
	GlobalSection(ProjectConfigurationPlatforms) = postSolution
		{213FA1DB-21B5-4BB6-9068-8BB2C028B2FD}.Debug|Any CPU.ActiveCfg = Debug|Any CPU
		{213FA1DB-21B5-4BB6-9068-8BB2C028B2FD}.Debug|Any CPU.Build.0 = Debug|Any CPU
		{213FA1DB-21B5-4BB6-9068-8BB2C028B2FD}.Release|Any CPU.ActiveCfg = Release|Any CPU
		{213FA1DB-21B5-4BB6-9068-8BB2C028B2FD}.Release|Any CPU.Build.0 = Release|Any CPU
	EndGlobalSection
	GlobalSection(SolutionProperties) = preSolution
		HideSolutionNode = FALSE
	EndGlobalSection
EndGlobal
